
Microsoft Visual Studio Solution File, Format Version 12.00
# Visual Studio Version 16
VisualStudioVersion = 16.0.30523.141
MinimumVisualStudioVersion = 10.0.40219.1
Project("{8BC9CEB8-8B4A-11D0-8D11-00A0C91BC942}") = "num1", "num1\num1.vcxproj", "{B55EA956-0237-4FAE-B19F-E0262CA7A7DE}"
EndProject
Project("{8BC9CEB8-8B4A-11D0-8D11-00A0C91BC942}") = "num2", "num2\num2.vcxproj", "{7CB481AC-798D-4385-BB14-803F95FA6010}"
EndProject
Project("{8BC9CEB8-8B4A-11D0-8D11-00A0C91BC942}") = "num3", "num3\num3.vcxproj", "{467FC978-32B8-4B10-BCE2-48B892013B79}"
EndProject
Project("{8BC9CEB8-8B4A-11D0-8D11-00A0C91BC942}") = "num4", "num4\num4.vcxproj", "{6C0BACE1-6FA7-4989-9205-83EE961A374C}"
EndProject
Project("{8BC9CEB8-8B4A-11D0-8D11-00A0C91BC942}") = "num5", "num5\num5.vcxproj", "{7D46F465-F14B-4E4C-9824-710FEFEE15BB}"
EndProject
Project("{8BC9CEB8-8B4A-11D0-8D11-00A0C91BC942}") = "num6", "num6\num6.vcxproj", "{0F3B91E1-B16D-4728-B54A-A22B7B33022C}"
EndProject
Project("{8BC9CEB8-8B4A-11D0-8D11-00A0C91BC942}") = "num7", "num7\num7.vcxproj", "{B58B4E2F-2E69-46F5-BE0E-70E1564F88E3}"
EndProject
Project("{8BC9CEB8-8B4A-11D0-8D11-00A0C91BC942}") = "num8", "num8\num8.vcxproj", "{D52B6AE9-EE7C-4AB5-9938-3BFD4B4EF0F7}"
EndProject
Global
	GlobalSection(SolutionConfigurationPlatforms) = preSolution
		Debug|x64 = Debug|x64
		Debug|x86 = Debug|x86
		Release|x64 = Release|x64
		Release|x86 = Release|x86
	EndGlobalSection
	GlobalSection(ProjectConfigurationPlatforms) = postSolution
		{B55EA956-0237-4FAE-B19F-E0262CA7A7DE}.Debug|x64.ActiveCfg = Debug|x64
		{B55EA956-0237-4FAE-B19F-E0262CA7A7DE}.Debug|x64.Build.0 = Debug|x64
		{B55EA956-0237-4FAE-B19F-E0262CA7A7DE}.Debug|x86.ActiveCfg = Debug|Win32
		{B55EA956-0237-4FAE-B19F-E0262CA7A7DE}.Debug|x86.Build.0 = Debug|Win32
		{B55EA956-0237-4FAE-B19F-E0262CA7A7DE}.Release|x64.ActiveCfg = Release|x64
		{B55EA956-0237-4FAE-B19F-E0262CA7A7DE}.Release|x64.Build.0 = Release|x64
		{B55EA956-0237-4FAE-B19F-E0262CA7A7DE}.Release|x86.ActiveCfg = Release|Win32
		{B55EA956-0237-4FAE-B19F-E0262CA7A7DE}.Release|x86.Build.0 = Release|Win32
		{7CB481AC-798D-4385-BB14-803F95FA6010}.Debug|x64.ActiveCfg = Debug|x64
		{7CB481AC-798D-4385-BB14-803F95FA6010}.Debug|x64.Build.0 = Debug|x64
		{7CB481AC-798D-4385-BB14-803F95FA6010}.Debug|x86.ActiveCfg = Debug|Win32
		{7CB481AC-798D-4385-BB14-803F95FA6010}.Debug|x86.Build.0 = Debug|Win32
		{7CB481AC-798D-4385-BB14-803F95FA6010}.Release|x64.ActiveCfg = Release|x64
		{7CB481AC-798D-4385-BB14-803F95FA6010}.Release|x64.Build.0 = Release|x64
		{7CB481AC-798D-4385-BB14-803F95FA6010}.Release|x86.ActiveCfg = Release|Win32
		{7CB481AC-798D-4385-BB14-803F95FA6010}.Release|x86.Build.0 = Release|Win32
		{467FC978-32B8-4B10-BCE2-48B892013B79}.Debug|x64.ActiveCfg = Debug|x64
		{467FC978-32B8-4B10-BCE2-48B892013B79}.Debug|x64.Build.0 = Debug|x64
		{467FC978-32B8-4B10-BCE2-48B892013B79}.Debug|x86.ActiveCfg = Debug|Win32
		{467FC978-32B8-4B10-BCE2-48B892013B79}.Debug|x86.Build.0 = Debug|Win32
		{467FC978-32B8-4B10-BCE2-48B892013B79}.Release|x64.ActiveCfg = Release|x64
		{467FC978-32B8-4B10-BCE2-48B892013B79}.Release|x64.Build.0 = Release|x64
		{467FC978-32B8-4B10-BCE2-48B892013B79}.Release|x86.ActiveCfg = Release|Win32
		{467FC978-32B8-4B10-BCE2-48B892013B79}.Release|x86.Build.0 = Release|Win32
		{6C0BACE1-6FA7-4989-9205-83EE961A374C}.Debug|x64.ActiveCfg = Debug|x64
		{6C0BACE1-6FA7-4989-9205-83EE961A374C}.Debug|x64.Build.0 = Debug|x64
		{6C0BACE1-6FA7-4989-9205-83EE961A374C}.Debug|x86.ActiveCfg = Debug|Win32
		{6C0BACE1-6FA7-4989-9205-83EE961A374C}.Debug|x86.Build.0 = Debug|Win32
		{6C0BACE1-6FA7-4989-9205-83EE961A374C}.Release|x64.ActiveCfg = Release|x64
		{6C0BACE1-6FA7-4989-9205-83EE961A374C}.Release|x64.Build.0 = Release|x64
		{6C0BACE1-6FA7-4989-9205-83EE961A374C}.Release|x86.ActiveCfg = Release|Win32
		{6C0BACE1-6FA7-4989-9205-83EE961A374C}.Release|x86.Build.0 = Release|Win32
		{7D46F465-F14B-4E4C-9824-710FEFEE15BB}.Debug|x64.ActiveCfg = Debug|x64
		{7D46F465-F14B-4E4C-9824-710FEFEE15BB}.Debug|x64.Build.0 = Debug|x64
		{7D46F465-F14B-4E4C-9824-710FEFEE15BB}.Debug|x86.ActiveCfg = Debug|Win32
		{7D46F465-F14B-4E4C-9824-710FEFEE15BB}.Debug|x86.Build.0 = Debug|Win32
		{7D46F465-F14B-4E4C-9824-710FEFEE15BB}.Release|x64.ActiveCfg = Release|x64
		{7D46F465-F14B-4E4C-9824-710FEFEE15BB}.Release|x64.Build.0 = Release|x64
		{7D46F465-F14B-4E4C-9824-710FEFEE15BB}.Release|x86.ActiveCfg = Release|Win32
		{7D46F465-F14B-4E4C-9824-710FEFEE15BB}.Release|x86.Build.0 = Release|Win32
		{0F3B91E1-B16D-4728-B54A-A22B7B33022C}.Debug|x64.ActiveCfg = Debug|x64
		{0F3B91E1-B16D-4728-B54A-A22B7B33022C}.Debug|x64.Build.0 = Debug|x64
		{0F3B91E1-B16D-4728-B54A-A22B7B33022C}.Debug|x86.ActiveCfg = Debug|Win32
		{0F3B91E1-B16D-4728-B54A-A22B7B33022C}.Debug|x86.Build.0 = Debug|Win32
		{0F3B91E1-B16D-4728-B54A-A22B7B33022C}.Release|x64.ActiveCfg = Release|x64
		{0F3B91E1-B16D-4728-B54A-A22B7B33022C}.Release|x64.Build.0 = Release|x64
		{0F3B91E1-B16D-4728-B54A-A22B7B33022C}.Release|x86.ActiveCfg = Release|Win32
		{0F3B91E1-B16D-4728-B54A-A22B7B33022C}.Release|x86.Build.0 = Release|Win32
		{B58B4E2F-2E69-46F5-BE0E-70E1564F88E3}.Debug|x64.ActiveCfg = Debug|x64
		{B58B4E2F-2E69-46F5-BE0E-70E1564F88E3}.Debug|x64.Build.0 = Debug|x64
		{B58B4E2F-2E69-46F5-BE0E-70E1564F88E3}.Debug|x86.ActiveCfg = Debug|Win32
		{B58B4E2F-2E69-46F5-BE0E-70E1564F88E3}.Debug|x86.Build.0 = Debug|Win32
		{B58B4E2F-2E69-46F5-BE0E-70E1564F88E3}.Release|x64.ActiveCfg = Release|x64
		{B58B4E2F-2E69-46F5-BE0E-70E1564F88E3}.Release|x64.Build.0 = Release|x64
		{B58B4E2F-2E69-46F5-BE0E-70E1564F88E3}.Release|x86.ActiveCfg = Release|Win32
		{B58B4E2F-2E69-46F5-BE0E-70E1564F88E3}.Release|x86.Build.0 = Release|Win32
		{D52B6AE9-EE7C-4AB5-9938-3BFD4B4EF0F7}.Debug|x64.ActiveCfg = Debug|x64
		{D52B6AE9-EE7C-4AB5-9938-3BFD4B4EF0F7}.Debug|x64.Build.0 = Debug|x64
		{D52B6AE9-EE7C-4AB5-9938-3BFD4B4EF0F7}.Debug|x86.ActiveCfg = Debug|Win32
		{D52B6AE9-EE7C-4AB5-9938-3BFD4B4EF0F7}.Debug|x86.Build.0 = Debug|Win32
		{D52B6AE9-EE7C-4AB5-9938-3BFD4B4EF0F7}.Release|x64.ActiveCfg = Release|x64
		{D52B6AE9-EE7C-4AB5-9938-3BFD4B4EF0F7}.Release|x64.Build.0 = Release|x64
		{D52B6AE9-EE7C-4AB5-9938-3BFD4B4EF0F7}.Release|x86.ActiveCfg = Release|Win32
		{D52B6AE9-EE7C-4AB5-9938-3BFD4B4EF0F7}.Release|x86.Build.0 = Release|Win32
	EndGlobalSection
	GlobalSection(SolutionProperties) = preSolution
		HideSolutionNode = FALSE
	EndGlobalSection
	GlobalSection(ExtensibilityGlobals) = postSolution
		SolutionGuid = {7CD528F6-1C08-48A0-9F80-7599C93C8930}
	EndGlobalSection
EndGlobal
