
Microsoft Visual Studio Solution File, Format Version 12.00
# Visual Studio Version 16
VisualStudioVersion = 16.0.30523.141
MinimumVisualStudioVersion = 10.0.40219.1
Project("{8BC9CEB8-8B4A-11D0-8D11-00A0C91BC942}") = "Algebra", "Algebra\Algebra.vcxproj", "{97DE7109-0B13-4FC8-AB8C-98D0411256B6}"
EndProject
Project("{8BC9CEB8-8B4A-11D0-8D11-00A0C91BC942}") = "Project1", "Project1\Project1.vcxproj", "{292E1BA0-BCB4-4571-B3BE-9D1B62BFA9AB}"
EndProject
Global
	GlobalSection(SolutionConfigurationPlatforms) = preSolution
		Debug|x64 = Debug|x64
		Debug|x86 = Debug|x86
		Release|x64 = Release|x64
		Release|x86 = Release|x86
	EndGlobalSection
	GlobalSection(ProjectConfigurationPlatforms) = postSolution
		{97DE7109-0B13-4FC8-AB8C-98D0411256B6}.Debug|x64.ActiveCfg = Debug|x64
		{97DE7109-0B13-4FC8-AB8C-98D0411256B6}.Debug|x64.Build.0 = Debug|x64
		{97DE7109-0B13-4FC8-AB8C-98D0411256B6}.Debug|x86.ActiveCfg = Debug|Win32
		{97DE7109-0B13-4FC8-AB8C-98D0411256B6}.Debug|x86.Build.0 = Debug|Win32
		{97DE7109-0B13-4FC8-AB8C-98D0411256B6}.Release|x64.ActiveCfg = Release|x64
		{97DE7109-0B13-4FC8-AB8C-98D0411256B6}.Release|x64.Build.0 = Release|x64
		{97DE7109-0B13-4FC8-AB8C-98D0411256B6}.Release|x86.ActiveCfg = Release|Win32
		{97DE7109-0B13-4FC8-AB8C-98D0411256B6}.Release|x86.Build.0 = Release|Win32
		{292E1BA0-BCB4-4571-B3BE-9D1B62BFA9AB}.Debug|x64.ActiveCfg = Debug|x64
		{292E1BA0-BCB4-4571-B3BE-9D1B62BFA9AB}.Debug|x64.Build.0 = Debug|x64
		{292E1BA0-BCB4-4571-B3BE-9D1B62BFA9AB}.Debug|x86.ActiveCfg = Debug|Win32
		{292E1BA0-BCB4-4571-B3BE-9D1B62BFA9AB}.Debug|x86.Build.0 = Debug|Win32
		{292E1BA0-BCB4-4571-B3BE-9D1B62BFA9AB}.Release|x64.ActiveCfg = Release|x64
		{292E1BA0-BCB4-4571-B3BE-9D1B62BFA9AB}.Release|x64.Build.0 = Release|x64
		{292E1BA0-BCB4-4571-B3BE-9D1B62BFA9AB}.Release|x86.ActiveCfg = Release|Win32
		{292E1BA0-BCB4-4571-B3BE-9D1B62BFA9AB}.Release|x86.Build.0 = Release|Win32
	EndGlobalSection
	GlobalSection(SolutionProperties) = preSolution
		HideSolutionNode = FALSE
	EndGlobalSection
	GlobalSection(ExtensibilityGlobals) = postSolution
		SolutionGuid = {5C47BA60-195C-401A-B470-E35200A1A3C7}
	EndGlobalSection
EndGlobal
