
Microsoft Visual Studio Solution File, Format Version 12.00
# Visual Studio Version 16
VisualStudioVersion = 16.0.31105.61
MinimumVisualStudioVersion = 10.0.40219.1
Project("{8BC9CEB8-8B4A-11D0-8D11-00A0C91BC942}") = "Project1", "Project1\Project1.vcxproj", "{8D3D0E1F-0F69-45B4-8E27-E91381A47A56}"
EndProject
Global
	GlobalSection(SolutionConfigurationPlatforms) = preSolution
		Debug|x64 = Debug|x64
		Debug|x86 = Debug|x86
		Release|x64 = Release|x64
		Release|x86 = Release|x86
	EndGlobalSection
	GlobalSection(ProjectConfigurationPlatforms) = postSolution
		{8D3D0E1F-0F69-45B4-8E27-E91381A47A56}.Debug|x64.ActiveCfg = Debug|x64
		{8D3D0E1F-0F69-45B4-8E27-E91381A47A56}.Debug|x64.Build.0 = Debug|x64
		{8D3D0E1F-0F69-45B4-8E27-E91381A47A56}.Debug|x86.ActiveCfg = Debug|Win32
		{8D3D0E1F-0F69-45B4-8E27-E91381A47A56}.Debug|x86.Build.0 = Debug|Win32
		{8D3D0E1F-0F69-45B4-8E27-E91381A47A56}.Release|x64.ActiveCfg = Release|x64
		{8D3D0E1F-0F69-45B4-8E27-E91381A47A56}.Release|x64.Build.0 = Release|x64
		{8D3D0E1F-0F69-45B4-8E27-E91381A47A56}.Release|x86.ActiveCfg = Release|Win32
		{8D3D0E1F-0F69-45B4-8E27-E91381A47A56}.Release|x86.Build.0 = Release|Win32
	EndGlobalSection
	GlobalSection(SolutionProperties) = preSolution
		HideSolutionNode = FALSE
	EndGlobalSection
	GlobalSection(ExtensibilityGlobals) = postSolution
		SolutionGuid = {EE7AA78C-6E84-4BB3-9B6E-230619E5B0B9}
	EndGlobalSection
EndGlobal
